
Microsoft Visual Studio Solution File, Format Version 12.00
# Visual Studio Version 17
VisualStudioVersion = 17.0.31903.59
MinimumVisualStudioVersion = 10.0.40219.1
Project("{FAE04EC0-301F-11D3-BF4B-00C04F79EFBC}") = "Fintrack.AppHost", "Fintrack.AppHost\Fintrack.AppHost.csproj", "{B34F061D-63BB-434D-A843-953B5AB584AA}"
EndProject
Project("{FAE04EC0-301F-11D3-BF4B-00C04F79EFBC}") = "Fintrack.ServiceDefaults", "Fintrack.ServiceDefaults\Fintrack.ServiceDefaults.csproj", "{E4AFE565-D916-4E51-9D30-120C624E10E4}"
EndProject
Project("{FAE04EC0-301F-11D3-BF4B-00C04F79EFBC}") = "Fintrack.ApiService", "Fintrack.ApiService\Fintrack.ApiService.csproj", "{EF6AD17D-E137-44EE-9498-0BCC8B8FFB57}"
EndProject
Global
	GlobalSection(SolutionConfigurationPlatforms) = preSolution
		Debug|Any CPU = Debug|Any CPU
		Debug|x64 = Debug|x64
		Debug|x86 = Debug|x86
		Release|Any CPU = Release|Any CPU
		Release|x64 = Release|x64
		Release|x86 = Release|x86
	EndGlobalSection
	GlobalSection(ProjectConfigurationPlatforms) = postSolution
		{B34F061D-63BB-434D-A843-953B5AB584AA}.Debug|Any CPU.ActiveCfg = Debug|Any CPU
		{B34F061D-63BB-434D-A843-953B5AB584AA}.Debug|Any CPU.Build.0 = Debug|Any CPU
		{B34F061D-63BB-434D-A843-953B5AB584AA}.Debug|x64.ActiveCfg = Debug|Any CPU
		{B34F061D-63BB-434D-A843-953B5AB584AA}.Debug|x64.Build.0 = Debug|Any CPU
		{B34F061D-63BB-434D-A843-953B5AB584AA}.Debug|x86.ActiveCfg = Debug|Any CPU
		{B34F061D-63BB-434D-A843-953B5AB584AA}.Debug|x86.Build.0 = Debug|Any CPU
		{B34F061D-63BB-434D-A843-953B5AB584AA}.Release|Any CPU.ActiveCfg = Release|Any CPU
		{B34F061D-63BB-434D-A843-953B5AB584AA}.Release|Any CPU.Build.0 = Release|Any CPU
		{B34F061D-63BB-434D-A843-953B5AB584AA}.Release|x64.ActiveCfg = Release|Any CPU
		{B34F061D-63BB-434D-A843-953B5AB584AA}.Release|x64.Build.0 = Release|Any CPU
		{B34F061D-63BB-434D-A843-953B5AB584AA}.Release|x86.ActiveCfg = Release|Any CPU
		{B34F061D-63BB-434D-A843-953B5AB584AA}.Release|x86.Build.0 = Release|Any CPU
		{E4AFE565-D916-4E51-9D30-120C624E10E4}.Debug|Any CPU.ActiveCfg = Debug|Any CPU
		{E4AFE565-D916-4E51-9D30-120C624E10E4}.Debug|Any CPU.Build.0 = Debug|Any CPU
		{E4AFE565-D916-4E51-9D30-120C624E10E4}.Debug|x64.ActiveCfg = Debug|Any CPU
		{E4AFE565-D916-4E51-9D30-120C624E10E4}.Debug|x64.Build.0 = Debug|Any CPU
		{E4AFE565-D916-4E51-9D30-120C624E10E4}.Debug|x86.ActiveCfg = Debug|Any CPU
		{E4AFE565-D916-4E51-9D30-120C624E10E4}.Debug|x86.Build.0 = Debug|Any CPU
		{E4AFE565-D916-4E51-9D30-120C624E10E4}.Release|Any CPU.ActiveCfg = Release|Any CPU
		{E4AFE565-D916-4E51-9D30-120C624E10E4}.Release|Any CPU.Build.0 = Release|Any CPU
		{E4AFE565-D916-4E51-9D30-120C624E10E4}.Release|x64.ActiveCfg = Release|Any CPU
		{E4AFE565-D916-4E51-9D30-120C624E10E4}.Release|x64.Build.0 = Release|Any CPU
		{E4AFE565-D916-4E51-9D30-120C624E10E4}.Release|x86.ActiveCfg = Release|Any CPU
		{E4AFE565-D916-4E51-9D30-120C624E10E4}.Release|x86.Build.0 = Release|Any CPU
		{EF6AD17D-E137-44EE-9498-0BCC8B8FFB57}.Debug|Any CPU.ActiveCfg = Debug|Any CPU
		{EF6AD17D-E137-44EE-9498-0BCC8B8FFB57}.Debug|Any CPU.Build.0 = Debug|Any CPU
		{EF6AD17D-E137-44EE-9498-0BCC8B8FFB57}.Debug|x64.ActiveCfg = Debug|Any CPU
		{EF6AD17D-E137-44EE-9498-0BCC8B8FFB57}.Debug|x64.Build.0 = Debug|Any CPU
		{EF6AD17D-E137-44EE-9498-0BCC8B8FFB57}.Debug|x86.ActiveCfg = Debug|Any CPU
		{EF6AD17D-E137-44EE-9498-0BCC8B8FFB57}.Debug|x86.Build.0 = Debug|Any CPU
		{EF6AD17D-E137-44EE-9498-0BCC8B8FFB57}.Release|Any CPU.ActiveCfg = Release|Any CPU
		{EF6AD17D-E137-44EE-9498-0BCC8B8FFB57}.Release|Any CPU.Build.0 = Release|Any CPU
		{EF6AD17D-E137-44EE-9498-0BCC8B8FFB57}.Release|x64.ActiveCfg = Release|Any CPU
		{EF6AD17D-E137-44EE-9498-0BCC8B8FFB57}.Release|x64.Build.0 = Release|Any CPU
		{EF6AD17D-E137-44EE-9498-0BCC8B8FFB57}.Release|x86.ActiveCfg = Release|Any CPU
		{EF6AD17D-E137-44EE-9498-0BCC8B8FFB57}.Release|x86.Build.0 = Release|Any CPU
	EndGlobalSection
	GlobalSection(SolutionProperties) = preSolution
		HideSolutionNode = FALSE
	EndGlobalSection
EndGlobal
